// !$*UTF8*$!
{
	archiveVersion = 1;
	classes = {
	};
	objectVersion = 55;
	objects = {

/* Begin PBXBuildFile section */
		959F4D6628F3FDA40065F47A /* AppDelegate.swift in Sources */ = {isa = PBXBuildFile; fileRef = 959F4D6528F3FDA40065F47A /* AppDelegate.swift */; };
		959F4D6A28F3FDA40065F47A /* ViewController.swift in Sources */ = {isa = PBXBuildFile; fileRef = 959F4D6928F3FDA40065F47A /* ViewController.swift */; };
		959F4D6D28F3FDA40065F47A /* Main.storyboard in Resources */ = {isa = PBXBuildFile; fileRef = 959F4D6B28F3FDA40065F47A /* Main.storyboard */; };
		959F4D6F28F3FDA60065F47A /* Assets.xcassets in Resources */ = {isa = PBXBuildFile; fileRef = 959F4D6E28F3FDA60065F47A /* Assets.xcassets */; };
		959F4D7228F3FDA60065F47A /* LaunchScreen.storyboard in Resources */ = {isa = PBXBuildFile; fileRef = 959F4D7028F3FDA60065F47A /* LaunchScreen.storyboard */; };
		A1F71902DD9E344ADC0C9137 /* Pods_ExampleSDK.framework in Frameworks */ = {isa = PBXBuildFile; fileRef = 67442CF046972A91E159B1EF /* Pods_ExampleSDK.framework */; };
/* End PBXBuildFile section */

/* Begin PBXFileReference section */
		67442CF046972A91E159B1EF /* Pods_ExampleSDK.framework */ = {isa = PBXFileReference; explicitFileType = wrapper.framework; includeInIndex = 0; path = Pods_ExampleSDK.framework; sourceTree = BUILT_PRODUCTS_DIR; };
		6F55556162F912CF88A5CB72 /* Pods-ExampleSDK.release.xcconfig */ = {isa = PBXFileReference; includeInIndex = 1; lastKnownFileType = text.xcconfig; name = "Pods-ExampleSDK.release.xcconfig"; path = "Target Support Files/Pods-ExampleSDK/Pods-ExampleSDK.release.xcconfig"; sourceTree = "<group>"; };
		959F4D6228F3FDA40065F47A /* ExampleSDK.app */ = {isa = PBXFileReference; explicitFileType = wrapper.application; includeInIndex = 0; path = ExampleSDK.app; sourceTree = BUILT_PRODUCTS_DIR; };
		959F4D6528F3FDA40065F47A /* AppDelegate.swift */ = {isa = PBXFileReference; lastKnownFileType = sourcecode.swift; path = AppDelegate.swift; sourceTree = "<group>"; };
		959F4D6928F3FDA40065F47A /* ViewController.swift */ = {isa = PBXFileReference; lastKnownFileType = sourcecode.swift; path = ViewController.swift; sourceTree = "<group>"; };
		959F4D6C28F3FDA40065F47A /* Base */ = {isa = PBXFileReference; lastKnownFileType = file.storyboard; name = Base; path = Base.lproj/Main.storyboard; sourceTree = "<group>"; };
		959F4D6E28F3FDA60065F47A /* Assets.xcassets */ = {isa = PBXFileReference; lastKnownFileType = folder.assetcatalog; path = Assets.xcassets; sourceTree = "<group>"; };
		959F4D7128F3FDA60065F47A /* Base */ = {isa = PBXFileReference; lastKnownFileType = file.storyboard; name = Base; path = Base.lproj/LaunchScreen.storyboard; sourceTree = "<group>"; };
		959F4D7328F3FDA60065F47A /* Info.plist */ = {isa = PBXFileReference; lastKnownFileType = text.plist.xml; path = Info.plist; sourceTree = "<group>"; };
		9F059F3337AC14D3E2D49EB3 /* Pods-ExampleSDK.debug.xcconfig */ = {isa = PBXFileReference; includeInIndex = 1; lastKnownFileType = text.xcconfig; name = "Pods-ExampleSDK.debug.xcconfig"; path = "Target Support Files/Pods-ExampleSDK/Pods-ExampleSDK.debug.xcconfig"; sourceTree = "<group>"; };
/* End PBXFileReference section */

/* Begin PBXFrameworksBuildPhase section */
		959F4D5F28F3FDA40065F47A /* Frameworks */ = {
			isa = PBXFrameworksBuildPhase;
			buildActionMask = 2147483647;
			files = (
				A1F71902DD9E344ADC0C9137 /* Pods_ExampleSDK.framework in Frameworks */,
			);
			runOnlyForDeploymentPostprocessing = 0;
		};
/* End PBXFrameworksBuildPhase section */

/* Begin PBXGroup section */
		4AEFE738179F35674AD2048B /* Pods */ = {
			isa = PBXGroup;
			children = (
				9F059F3337AC14D3E2D49EB3 /* Pods-ExampleSDK.debug.xcconfig */,
				6F55556162F912CF88A5CB72 /* Pods-ExampleSDK.release.xcconfig */,
			);
			path = Pods;
			sourceTree = "<group>";
		};
		959F4D5928F3FDA40065F47A = {
			isa = PBXGroup;
			children = (
				959F4D6428F3FDA40065F47A /* ExampleSDK */,
				959F4D6328F3FDA40065F47A /* Products */,
				4AEFE738179F35674AD2048B /* Pods */,
				C4866A047CCCE245E7811783 /* Frameworks */,
			);
			sourceTree = "<group>";
		};
		959F4D6328F3FDA40065F47A /* Products */ = {
			isa = PBXGroup;
			children = (
				959F4D6228F3FDA40065F47A /* ExampleSDK.app */,
			);
			name = Products;
			sourceTree = "<group>";
		};
		959F4D6428F3FDA40065F47A /* ExampleSDK */ = {
			isa = PBXGroup;
			children = (
				959F4D6528F3FDA40065F47A /* AppDelegate.swift */,
				959F4D6928F3FDA40065F47A /* ViewController.swift */,
				959F4D6B28F3FDA40065F47A /* Main.storyboard */,
				959F4D6E28F3FDA60065F47A /* Assets.xcassets */,
				959F4D7028F3FDA60065F47A /* LaunchScreen.storyboard */,
				959F4D7328F3FDA60065F47A /* Info.plist */,
			);
			path = ExampleSDK;
			sourceTree = "<group>";
		};
		C4866A047CCCE245E7811783 /* Frameworks */ = {
			isa = PBXGroup;
			children = (
				67442CF046972A91E159B1EF /* Pods_ExampleSDK.framework */,
			);
			name = Frameworks;
			sourceTree = "<group>";
		};
/* End PBXGroup section */

/* Begin PBXNativeTarget section */
		959F4D6128F3FDA40065F47A /* ExampleSDK */ = {
			isa = PBXNativeTarget;
			buildConfigurationList = 959F4D7628F3FDA60065F47A /* Build configuration list for PBXNativeTarget "ExampleSDK" */;
			buildPhases = (
				55691746CCA8F2629EB15B6F /* [CP] Check Pods Manifest.lock */,
				959F4D5E28F3FDA40065F47A /* Sources */,
				959F4D5F28F3FDA40065F47A /* Frameworks */,
				959F4D6028F3FDA40065F47A /* Resources */,
				D1FF1B279276231674061DC3 /* [CP] Embed Pods Frameworks */,
				F5949C2657DD77375B8942F4 /* [CP] Copy Pods Resources */,
			);
			buildRules = (
			);
			dependencies = (
			);
			name = ExampleSDK;
			productName = ExampleSDK;
			productReference = 959F4D6228F3FDA40065F47A /* ExampleSDK.app */;
			productType = "com.apple.product-type.application";
		};
/* End PBXNativeTarget section */

/* Begin PBXProject section */
		959F4D5A28F3FDA40065F47A /* Project object */ = {
			isa = PBXProject;
			attributes = {
				BuildIndependentTargetsInParallel = 1;
				LastSwiftUpdateCheck = 1330;
				LastUpgradeCheck = 1330;
				TargetAttributes = {
					959F4D6128F3FDA40065F47A = {
						CreatedOnToolsVersion = 13.3;
					};
				};
			};
			buildConfigurationList = 959F4D5D28F3FDA40065F47A /* Build configuration list for PBXProject "ExampleSDK" */;
			compatibilityVersion = "Xcode 13.0";
			developmentRegion = en;
			hasScannedForEncodings = 0;
			knownRegions = (
				en,
				Base,
			);
			mainGroup = 959F4D5928F3FDA40065F47A;
			productRefGroup = 959F4D6328F3FDA40065F47A /* Products */;
			projectDirPath = "";
			projectRoot = "";
			targets = (
				959F4D6128F3FDA40065F47A /* ExampleSDK */,
			);
		};
/* End PBXProject section */

/* Begin PBXResourcesBuildPhase section */
		959F4D6028F3FDA40065F47A /* Resources */ = {
			isa = PBXResourcesBuildPhase;
			buildActionMask = 2147483647;
			files = (
				959F4D7228F3FDA60065F47A /* LaunchScreen.storyboard in Resources */,
				959F4D6F28F3FDA60065F47A /* Assets.xcassets in Resources */,
				959F4D6D28F3FDA40065F47A /* Main.storyboard in Resources */,
			);
			runOnlyForDeploymentPostprocessing = 0;
		};
/* End PBXResourcesBuildPhase section */

/* Begin PBXShellScriptBuildPhase section */
		55691746CCA8F2629EB15B6F /* [CP] Check Pods Manifest.lock */ = {
			isa = PBXShellScriptBuildPhase;
			buildActionMask = 2147483647;
			files = (
			);
			inputFileListPaths = (
			);
			inputPaths = (
				"${PODS_PODFILE_DIR_PATH}/Podfile.lock",
				"${PODS_ROOT}/Manifest.lock",
			);
			name = "[CP] Check Pods Manifest.lock";
			outputFileListPaths = (
			);
			outputPaths = (
				"$(DERIVED_FILE_DIR)/Pods-ExampleSDK-checkManifestLockResult.txt",
			);
			runOnlyForDeploymentPostprocessing = 0;
			shellPath = /bin/sh;
			shellScript = "diff \"${PODS_PODFILE_DIR_PATH}/Podfile.lock\" \"${PODS_ROOT}/Manifest.lock\" > /dev/null\nif [ $? != 0 ] ; then\n    # print error to STDERR\n    echo \"error: The sandbox is not in sync with the Podfile.lock. Run 'pod install' or update your CocoaPods installation.\" >&2\n    exit 1\nfi\n# This output is used by Xcode 'outputs' to avoid re-running this script phase.\necho \"SUCCESS\" > \"${SCRIPT_OUTPUT_FILE_0}\"\n";
			showEnvVarsInLog = 0;
		};
		D1FF1B279276231674061DC3 /* [CP] Embed Pods Frameworks */ = {
			isa = PBXShellScriptBuildPhase;
			buildActionMask = 2147483647;
			files = (
			);
			inputFileListPaths = (
				"${PODS_ROOT}/Target Support Files/Pods-ExampleSDK/Pods-ExampleSDK-frameworks-${CONFIGURATION}-input-files.xcfilelist",
			);
			name = "[CP] Embed Pods Frameworks";
			outputFileListPaths = (
				"${PODS_ROOT}/Target Support Files/Pods-ExampleSDK/Pods-ExampleSDK-frameworks-${CONFIGURATION}-output-files.xcfilelist",
			);
			runOnlyForDeploymentPostprocessing = 0;
			shellPath = /bin/sh;
			shellScript = "\"${PODS_ROOT}/Target Support Files/Pods-ExampleSDK/Pods-ExampleSDK-frameworks.sh\"\n";
			showEnvVarsInLog = 0;
		};
		F5949C2657DD77375B8942F4 /* [CP] Copy Pods Resources */ = {
			isa = PBXShellScriptBuildPhase;
			buildActionMask = 2147483647;
			files = (
			);
			inputFileListPaths = (
				"${PODS_ROOT}/Target Support Files/Pods-ExampleSDK/Pods-ExampleSDK-resources-${CONFIGURATION}-input-files.xcfilelist",
			);
			name = "[CP] Copy Pods Resources";
			outputFileListPaths = (
				"${PODS_ROOT}/Target Support Files/Pods-ExampleSDK/Pods-ExampleSDK-resources-${CONFIGURATION}-output-files.xcfilelist",
			);
			runOnlyForDeploymentPostprocessing = 0;
			shellPath = /bin/sh;
			shellScript = "\"${PODS_ROOT}/Target Support Files/Pods-ExampleSDK/Pods-ExampleSDK-resources.sh\"\n";
			showEnvVarsInLog = 0;
		};
/* End PBXShellScriptBuildPhase section */

/* Begin PBXSourcesBuildPhase section */
		959F4D5E28F3FDA40065F47A /* Sources */ = {
			isa = PBXSourcesBuildPhase;
			buildActionMask = 2147483647;
			files = (
				959F4D6A28F3FDA40065F47A /* ViewController.swift in Sources */,
				959F4D6628F3FDA40065F47A /* AppDelegate.swift in Sources */,
			);
			runOnlyForDeploymentPostprocessing = 0;
		};
/* End PBXSourcesBuildPhase section */

/* Begin PBXVariantGroup section */
		959F4D6B28F3FDA40065F47A /* Main.storyboard */ = {
			isa = PBXVariantGroup;
			children = (
				959F4D6C28F3FDA40065F47A /* Base */,
			);
			name = Main.storyboard;
			sourceTree = "<group>";
		};
		959F4D7028F3FDA60065F47A /* LaunchScreen.storyboard */ = {
			isa = PBXVariantGroup;
			children = (
				959F4D7128F3FDA60065F47A /* Base */,
			);
			name = LaunchScreen.storyboard;
			sourceTree = "<group>";
		};
/* End PBXVariantGroup section */

/* Begin XCBuildConfiguration section */
		959F4D7428F3FDA60065F47A /* Debug */ = {
			isa = XCBuildConfiguration;
			buildSettings = {
				ALWAYS_SEARCH_USER_PATHS = NO;
				CLANG_ANALYZER_NONNULL = YES;
				CLANG_ANALYZER_NUMBER_OBJECT_CONVERSION = YES_AGGRESSIVE;
				CLANG_CXX_LANGUAGE_STANDARD = "gnu++17";
				CLANG_ENABLE_MODULES = YES;
				CLANG_ENABLE_OBJC_ARC = YES;
				CLANG_ENABLE_OBJC_WEAK = YES;
				CLANG_WARN_BLOCK_CAPTURE_AUTORELEASING = YES;
				CLANG_WARN_BOOL_CONVERSION = YES;
				CLANG_WARN_COMMA = YES;
				CLANG_WARN_CONSTANT_CONVERSION = YES;
				CLANG_WARN_DEPRECATED_OBJC_IMPLEMENTATIONS = YES;
				CLANG_WARN_DIRECT_OBJC_ISA_USAGE = YES_ERROR;
				CLANG_WARN_DOCUMENTATION_COMMENTS = YES;
				CLANG_WARN_EMPTY_BODY = YES;
				CLANG_WARN_ENUM_CONVERSION = YES;
				CLANG_WARN_INFINITE_RECURSION = YES;
				CLANG_WARN_INT_CONVERSION = YES;
				CLANG_WARN_NON_LITERAL_NULL_CONVERSION = YES;
				CLANG_WARN_OBJC_IMPLICIT_RETAIN_SELF = YES;
				CLANG_WARN_OBJC_LITERAL_CONVERSION = YES;
				CLANG_WARN_OBJC_ROOT_CLASS = YES_ERROR;
				CLANG_WARN_QUOTED_INCLUDE_IN_FRAMEWORK_HEADER = YES;
				CLANG_WARN_RANGE_LOOP_ANALYSIS = YES;
				CLANG_WARN_STRICT_PROTOTYPES = YES;
				CLANG_WARN_SUSPICIOUS_MOVE = YES;
				CLANG_WARN_UNGUARDED_AVAILABILITY = YES_AGGRESSIVE;
				CLANG_WARN_UNREACHABLE_CODE = YES;
				CLANG_WARN__DUPLICATE_METHOD_MATCH = YES;
				COPY_PHASE_STRIP = NO;
				DEBUG_INFORMATION_FORMAT = dwarf;
				ENABLE_STRICT_OBJC_MSGSEND = YES;
				ENABLE_TESTABILITY = YES;
				GCC_C_LANGUAGE_STANDARD = gnu11;
				GCC_DYNAMIC_NO_PIC = NO;
				GCC_NO_COMMON_BLOCKS = YES;
				GCC_OPTIMIZATION_LEVEL = 0;
				GCC_PREPROCESSOR_DEFINITIONS = (
					"DEBUG=1",
					"$(inherited)",
				);
				GCC_WARN_64_TO_32_BIT_CONVERSION = YES;
				GCC_WARN_ABOUT_RETURN_TYPE = YES_ERROR;
				GCC_WARN_UNDECLARED_SELECTOR = YES;
				GCC_WARN_UNINITIALIZED_AUTOS = YES_AGGRESSIVE;
				GCC_WARN_UNUSED_FUNCTION = YES;
				GCC_WARN_UNUSED_VARIABLE = YES;
				IPHONEOS_DEPLOYMENT_TARGET = 15.4;
				MTL_ENABLE_DEBUG_INFO = INCLUDE_SOURCE;
				MTL_FAST_MATH = YES;
				ONLY_ACTIVE_ARCH = YES;
				SDKROOT = iphoneos;
				SWIFT_ACTIVE_COMPILATION_CONDITIONS = DEBUG;
				SWIFT_OPTIMIZATION_LEVEL = "-Onone";
			};
			name = Debug;
		};
		959F4D7528F3FDA60065F47A /* Release */ = {
			isa = XCBuildConfiguration;
			buildSettings = {
				ALWAYS_SEARCH_USER_PATHS = NO;
				CLANG_ANALYZER_NONNULL = YES;
				CLANG_ANALYZER_NUMBER_OBJECT_CONVERSION = YES_AGGRESSIVE;
				CLANG_CXX_LANGUAGE_STANDARD = "gnu++17";
				CLANG_ENABLE_MODULES = YES;
				CLANG_ENABLE_OBJC_ARC = YES;
				CLANG_ENABLE_OBJC_WEAK = YES;
				CLANG_WARN_BLOCK_CAPTURE_AUTORELEASING = YES;
				CLANG_WARN_BOOL_CONVERSION = YES;
				CLANG_WARN_COMMA = YES;
				CLANG_WARN_CONSTANT_CONVERSION = YES;
				CLANG_WARN_DEPRECATED_OBJC_IMPLEMENTATIONS = YES;
				CLANG_WARN_DIRECT_OBJC_ISA_USAGE = YES_ERROR;
				CLANG_WARN_DOCUMENTATION_COMMENTS = YES;
				CLANG_WARN_EMPTY_BODY = YES;
				CLANG_WARN_ENUM_CONVERSION = YES;
				CLANG_WARN_INFINITE_RECURSION = YES;
				CLANG_WARN_INT_CONVERSION = YES;
				CLANG_WARN_NON_LITERAL_NULL_CONVERSION = YES;
				CLANG_WARN_OBJC_IMPLICIT_RETAIN_SELF = YES;
				CLANG_WARN_OBJC_LITERAL_CONVERSION = YES;
				CLANG_WARN_OBJC_ROOT_CLASS = YES_ERROR;
				CLANG_WARN_QUOTED_INCLUDE_IN_FRAMEWORK_HEADER = YES;
				CLANG_WARN_RANGE_LOOP_ANALYSIS = YES;
				CLANG_WARN_STRICT_PROTOTYPES = YES;
				CLANG_WARN_SUSPICIOUS_MOVE = YES;
				CLANG_WARN_UNGUARDED_AVAILABILITY = YES_AGGRESSIVE;
				CLANG_WARN_UNREACHABLE_CODE = YES;
				CLANG_WARN__DUPLICATE_METHOD_MATCH = YES;
				COPY_PHASE_STRIP = NO;
				DEBUG_INFORMATION_FORMAT = "dwarf-with-dsym";
				ENABLE_NS_ASSERTIONS = NO;
				ENABLE_STRICT_OBJC_MSGSEND = YES;
				GCC_C_LANGUAGE_STANDARD = gnu11;
				GCC_NO_COMMON_BLOCKS = YES;
				GCC_WARN_64_TO_32_BIT_CONVERSION = YES;
				GCC_WARN_ABOUT_RETURN_TYPE = YES_ERROR;
				GCC_WARN_UNDECLARED_SELECTOR = YES;
				GCC_WARN_UNINITIALIZED_AUTOS = YES_AGGRESSIVE;
				GCC_WARN_UNUSED_FUNCTION = YES;
				GCC_WARN_UNUSED_VARIABLE = YES;
				IPHONEOS_DEPLOYMENT_TARGET = 15.4;
				MTL_ENABLE_DEBUG_INFO = NO;
				MTL_FAST_MATH = YES;
				SDKROOT = iphoneos;
				SWIFT_COMPILATION_MODE = wholemodule;
				SWIFT_OPTIMIZATION_LEVEL = "-O";
				VALIDATE_PRODUCT = YES;
			};
			name = Release;
		};
		959F4D7728F3FDA60065F47A /* Debug */ = {
			isa = XCBuildConfiguration;
			baseConfigurationReference = 9F059F3337AC14D3E2D49EB3 /* Pods-ExampleSDK.debug.xcconfig */;
			buildSettings = {
				ASSETCATALOG_COMPILER_APPICON_NAME = AppIcon;
				ASSETCATALOG_COMPILER_GLOBAL_ACCENT_COLOR_NAME = AccentColor;
				CODE_SIGN_STYLE = Automatic;
				CURRENT_PROJECT_VERSION = 1;
				DEVELOPMENT_TEAM = 6VNDD63KYH;
				GENERATE_INFOPLIST_FILE = YES;
				INFOPLIST_FILE = ExampleSDK/Info.plist;
				INFOPLIST_KEY_UIApplicationSupportsIndirectInputEvents = YES;
				INFOPLIST_KEY_UILaunchStoryboardName = LaunchScreen;
				INFOPLIST_KEY_UIMainStoryboardFile = Main;
				INFOPLIST_KEY_UISupportedInterfaceOrientations_iPad = "UIInterfaceOrientationPortrait UIInterfaceOrientationPortraitUpsideDown UIInterfaceOrientationLandscapeLeft UIInterfaceOrientationLandscapeRight";
				INFOPLIST_KEY_UISupportedInterfaceOrientations_iPhone = "UIInterfaceOrientationPortrait UIInterfaceOrientationLandscapeLeft UIInterfaceOrientationLandscapeRight";
				IPHONEOS_DEPLOYMENT_TARGET = 11.0;
				LD_RUNPATH_SEARCH_PATHS = (
					"$(inherited)",
					"@executable_path/Frameworks",
				);
				MARKETING_VERSION = 1.0;
				PRODUCT_BUNDLE_IDENTIFIER = vn.tiki.tiniapp.sdkexample.ExampleSDK;
				PRODUCT_NAME = "$(TARGET_NAME)";
				SWIFT_EMIT_LOC_STRINGS = YES;
				SWIFT_VERSION = 5.0;
				TARGETED_DEVICE_FAMILY = "1,2";
			};
			name = Debug;
		};
		959F4D7828F3FDA60065F47A /* Release */ = {
			isa = XCBuildConfiguration;
			baseConfigurationReference = 6F55556162F912CF88A5CB72 /* Pods-ExampleSDK.release.xcconfig */;
			buildSettings = {
				ASSETCATALOG_COMPILER_APPICON_NAME = AppIcon;
				ASSETCATALOG_COMPILER_GLOBAL_ACCENT_COLOR_NAME = AccentColor;
				CODE_SIGN_STYLE = Automatic;
				CURRENT_PROJECT_VERSION = 1;
				DEVELOPMENT_TEAM = 6VNDD63KYH;
				GENERATE_INFOPLIST_FILE = YES;
				INFOPLIST_FILE = ExampleSDK/Info.plist;
				INFOPLIST_KEY_UIApplicationSupportsIndirectInputEvents = YES;
				INFOPLIST_KEY_UILaunchStoryboardName = LaunchScreen;
				INFOPLIST_KEY_UIMainStoryboardFile = Main;
				INFOPLIST_KEY_UISupportedInterfaceOrientations_iPad = "UIInterfaceOrientationPortrait UIInterfaceOrientationPortraitUpsideDown UIInterfaceOrientationLandscapeLeft UIInterfaceOrientationLandscapeRight";
				INFOPLIST_KEY_UISupportedInterfaceOrientations_iPhone = "UIInterfaceOrientationPortrait UIInterfaceOrientationLandscapeLeft UIInterfaceOrientationLandscapeRight";
				IPHONEOS_DEPLOYMENT_TARGET = 11.0;
				LD_RUNPATH_SEARCH_PATHS = (
					"$(inherited)",
					"@executable_path/Frameworks",
				);
				MARKETING_VERSION = 1.0;
				PRODUCT_BUNDLE_IDENTIFIER = vn.tiki.tiniapp.sdkexample.ExampleSDK;
				PRODUCT_NAME = "$(TARGET_NAME)";
				SWIFT_EMIT_LOC_STRINGS = YES;
				SWIFT_VERSION = 5.0;
				TARGETED_DEVICE_FAMILY = "1,2";
			};
			name = Release;
		};
/* End XCBuildConfiguration section */

/* Begin XCConfigurationList section */
		959F4D5D28F3FDA40065F47A /* Build configuration list for PBXProject "ExampleSDK" */ = {
			isa = XCConfigurationList;
			buildConfigurations = (
				959F4D7428F3FDA60065F47A /* Debug */,
				959F4D7528F3FDA60065F47A /* Release */,
			);
			defaultConfigurationIsVisible = 0;
			defaultConfigurationName = Release;
		};
		959F4D7628F3FDA60065F47A /* Build configuration list for PBXNativeTarget "ExampleSDK" */ = {
			isa = XCConfigurationList;
			buildConfigurations = (
				959F4D7728F3FDA60065F47A /* Debug */,
				959F4D7828F3FDA60065F47A /* Release */,
			);
			defaultConfigurationIsVisible = 0;
			defaultConfigurationName = Release;
		};
/* End XCConfigurationList section */
	};
	rootObject = 959F4D5A28F3FDA40065F47A /* Project object */;
}
